GEM
  remote: https://rubygems.org/
  specs:
    mini_portile2 (2.8.7)
    nokogiri (1.16.5)
      mini_portile2 (~> 2.8.2)
      racc (~> 1.4)
    racc (1.8.0)
    rake (13.2.1)
    rspec (3.13.0)
      rspec-core (~> 3.13.0)
      rspec-expectations (~> 3.13.0)
      rspec-mocks (~> 3.13.0)
    rspec-core (3.13.0)
    rspec-expectations (3.13.0)
    rspec-mocks (3.13.0)

PLATFORMS
  ruby

DEPENDENCIES
  nokogiri (>= 1.15)
  rake (~> 13.0)
  rspec (~> 3.13)

BUNDLED WITH
   2.5.9
