# THIS FILE IS GENERATED. DO NOT EDIT.
# Fixture: alire.lock for Alire cataloger tests.

[solution]

[solution.context]
solved = true

[[solution.state]]
crate = "libhello"
fulfilment = "solved"
transitivity = "direct"
versions = "^1.0"

[solution.state.release]
name = "libhello"
version = "1.0.1"

[solution.state.release.origin]
commit = "3c15bc7f3df22298077c9e96f178adc2829feb42"
url = "git+https://github.com/alire-project/libhello.git"

[[solution.state]]
crate = "ada_toml"
fulfilment = "solved"
transitivity = "direct"
versions = "~0.5"

[solution.state.release]
name = "ada_toml"
version = "0.5.0"

[solution.state.release.origin]
hashes = ["sha512:a1b2c3d4e5f6a1b2c3d4e5f6a1b2c3d4e5f6a1b2c3d4e5f6a1b2c3d4e5f6a1b2"]
url = "https://github.com/pmderodat/ada-toml/archive/refs/tags/v0.5.0.tar.gz"
